
Microsoft Visual Studio Solution File, Format Version 12.00
# Visual Studio Version 17
VisualStudioVersion = 17.0.31903.59
MinimumVisualStudioVersion = 10.0.40219.1
Project("{2150E333-8FDC-42A3-9474-1A3956D46DE8}") = "src", "src", "{8C4D914F-FA2B-4517-AC92-01F3D111A3A4}"
EndProject
Project("{FAE04EC0-301F-11D3-BF4B-00C04F79EFBC}") = "SeraphineFlowers.Api", "src\SeraphineFlowers.Api\SeraphineFlowers.Api.csproj", "{E12684F8-43BD-4E89-9293-CA4A2039E050}"
EndProject
Project("{FAE04EC0-301F-11D3-BF4B-00C04F79EFBC}") = "SeraphineFlowers.Application", "src\SeraphineFlowers.Application\SeraphineFlowers.Application.csproj", "{4C7067E6-343B-4152-80AE-E55FE60E082B}"
EndProject
Project("{FAE04EC0-301F-11D3-BF4B-00C04F79EFBC}") = "SeraphineFlowers.Domain", "src\SeraphineFlowers.Domain\SeraphineFlowers.Domain.csproj", "{E04061F6-BE5F-4CA5-808E-EAB610E25A4F}"
EndProject
Project("{FAE04EC0-301F-11D3-BF4B-00C04F79EFBC}") = "SeraphineFlowers.Infrastructure", "src\SeraphineFlowers.Infrastructure\SeraphineFlowers.Infrastructure.csproj", "{8736A6C7-38D8-4320-A319-595B06114CE1}"
EndProject
Global
	GlobalSection(SolutionConfigurationPlatforms) = preSolution
		Debug|Any CPU = Debug|Any CPU
		Release|Any CPU = Release|Any CPU
	EndGlobalSection
	GlobalSection(SolutionProperties) = preSolution
		HideSolutionNode = FALSE
	EndGlobalSection
	GlobalSection(ProjectConfigurationPlatforms) = postSolution
		{E12684F8-43BD-4E89-9293-CA4A2039E050}.Debug|Any CPU.ActiveCfg = Debug|Any CPU
		{E12684F8-43BD-4E89-9293-CA4A2039E050}.Debug|Any CPU.Build.0 = Debug|Any CPU
		{E12684F8-43BD-4E89-9293-CA4A2039E050}.Release|Any CPU.ActiveCfg = Release|Any CPU
		{E12684F8-43BD-4E89-9293-CA4A2039E050}.Release|Any CPU.Build.0 = Release|Any CPU
		{4C7067E6-343B-4152-80AE-E55FE60E082B}.Debug|Any CPU.ActiveCfg = Debug|Any CPU
		{4C7067E6-343B-4152-80AE-E55FE60E082B}.Debug|Any CPU.Build.0 = Debug|Any CPU
		{4C7067E6-343B-4152-80AE-E55FE60E082B}.Release|Any CPU.ActiveCfg = Release|Any CPU
		{4C7067E6-343B-4152-80AE-E55FE60E082B}.Release|Any CPU.Build.0 = Release|Any CPU
		{E04061F6-BE5F-4CA5-808E-EAB610E25A4F}.Debug|Any CPU.ActiveCfg = Debug|Any CPU
		{E04061F6-BE5F-4CA5-808E-EAB610E25A4F}.Debug|Any CPU.Build.0 = Debug|Any CPU
		{E04061F6-BE5F-4CA5-808E-EAB610E25A4F}.Release|Any CPU.ActiveCfg = Release|Any CPU
		{E04061F6-BE5F-4CA5-808E-EAB610E25A4F}.Release|Any CPU.Build.0 = Release|Any CPU
		{8736A6C7-38D8-4320-A319-595B06114CE1}.Debug|Any CPU.ActiveCfg = Debug|Any CPU
		{8736A6C7-38D8-4320-A319-595B06114CE1}.Debug|Any CPU.Build.0 = Debug|Any CPU
		{8736A6C7-38D8-4320-A319-595B06114CE1}.Release|Any CPU.ActiveCfg = Release|Any CPU
		{8736A6C7-38D8-4320-A319-595B06114CE1}.Release|Any CPU.Build.0 = Release|Any CPU
	EndGlobalSection
	GlobalSection(NestedProjects) = preSolution
		{E12684F8-43BD-4E89-9293-CA4A2039E050} = {8C4D914F-FA2B-4517-AC92-01F3D111A3A4}
		{4C7067E6-343B-4152-80AE-E55FE60E082B} = {8C4D914F-FA2B-4517-AC92-01F3D111A3A4}
		{E04061F6-BE5F-4CA5-808E-EAB610E25A4F} = {8C4D914F-FA2B-4517-AC92-01F3D111A3A4}
		{8736A6C7-38D8-4320-A319-595B06114CE1} = {8C4D914F-FA2B-4517-AC92-01F3D111A3A4}
	EndGlobalSection
EndGlobal
